annotated-types==0.8.0 --hash=sha256:f072f4d804ea359e4eaf198b1af7a8b0943881a87f31bb764f8bf219bb9419e0
anyio==4.14.2 --hash=sha256:9f505dda5ac9f0c8309b5e8bd445a8c2bf7246f3ce950121e45ea15bc41d1494
attrs==26.1.0 --hash=sha256:c647aa4a12dfbad9333ca4e71fe62ddc36f4e63b2d260a37a8b83d2f043ac309
boltons==21.0.0 --hash=sha256:b9bb7b58b2b420bbe11a6025fdef6d3e5edc9f76a42fb467afe7ca212ef9948b
bracex==3.0.1 --hash=sha256:6523ad83aeb5098a4ee597cff0f964442ff74e460bd3fafaffab6a013ff2288c
certifi==2026.7.22 --hash=sha256:62f22742b58a1a33014a2b6b706588a8d7e2a88ae7bd1a6ebe8c992928483775
cffi==2.1.1 --hash=sha256:42f6930c31dc7f50732c9ae793c2786c7b6b044195967bbdde40bb9be81c4cc0
charset-normalizer==3.5.0 --hash=sha256:8cb9b6892b53bd6d11fa4cde3dbee020b1f0b6656be1fbaa1ec0d4324a7839db
click-option-group==0.5.9 --hash=sha256:ad2599248bd373e2e19bec5407967c3eec1d0d4fc4a5e77b08a0481e75991080
click==8.4.2 --hash=sha256:e6f9f66136c816745b9d65817da91d61d957fb16e02e4dcd0552553c5a197b76
colorama==0.4.6 --hash=sha256:4f1d9991f5acc0ca119f9d443620b77f9d6b33703e51011c16baf57afb285fc6
cryptography==50.0.0 --hash=sha256:bd1c592e4d5974f0d08d4888e432157adba757c66da0246918e43677fafa2d30
exceptiongroup==1.2.2 --hash=sha256:3111b9d131c238bec2f8f516e123e14ba243563fb135d3fe885990585aa7795b
face==26.0.1 --hash=sha256:ab0a83c37c9789dce658a67a9a80eafaa113c9ec37c5a9d950ff5480542a062d
glom==25.12.0 --hash=sha256:b9f21e77f71a6576a43864e85066b8cc3f0f778d0d50961563f8981377a6dcb1
googleapis-common-protos==1.75.1 --hash=sha256:28a1934bcd33b9c9da66ac301a0a4227e3367f095a17d0375cb98f0a09d93b79
h11==0.16.0 --hash=sha256:63cf8bbe7522de3bf65932fda1d9c2772064ffb3dae62d55932da54b31cb6c86
httpcore==1.0.9 --hash=sha256:2d400746a40668fc9dec9810239072b40b4484b640a8c38fd654a024c7a1bf55
httpx-sse==0.4.3 --hash=sha256:0ac1c9fe3c0afad2e0ebb25a934a59f4c7823b60792691f779fad2c5568830fc
httpx==0.28.1 --hash=sha256:d909fcccc110f8c7faf814ca82a9a4d816bc5a6dbfea25d6591d6985b8ba59ad
idna==3.18 --hash=sha256:7f952cbe720b688055e3f87de14f5c3e5fdaa8bc3928985c4077ca689de849a2
importlib-metadata==8.7.1 --hash=sha256:5a1f80bf1daa489495071efbb095d75a634cf28a8bc299581244063b53176151
jsonschema-specifications==2025.9.1 --hash=sha256:98802fee3a11ee76ecaca44429fda8a41bff98b00a0f2838151b113f210cc6fe
jsonschema==4.25.1 --hash=sha256:3fba0169e345c7175110351d456342c364814cfcf3b964ba4587f22915230a63
markdown-it-py==4.2.0 --hash=sha256:9f7ebbcd14fe59494226453aed97c1070d83f8d24b6fc3a3bcf9a38092641c4a
mcp==1.23.3 --hash=sha256:32768af4b46a1b4f7df34e2bfdf5c6011e7b63d7f1b0e321d0fdef4cd6082031
mdurl==0.1.2 --hash=sha256:84008a41e51615a49fc9966191ff91509e3c40b939176e643fd50a5c2196b8f8
opentelemetry-api==1.37.0 --hash=sha256:accf2024d3e89faec14302213bc39550ec0f4095d1cf5ca688e1bfb1c8612f47
opentelemetry-exporter-otlp-proto-common==1.37.0 --hash=sha256:53038428449c559b0c564b8d718df3314da387109c4d36bd1b94c9a641b0292e
opentelemetry-exporter-otlp-proto-http==1.37.0 --hash=sha256:54c42b39945a6cc9d9a2a33decb876eabb9547e0dcb49df090122773447f1aef
opentelemetry-instrumentation-requests==0.58b0 --hash=sha256:672a0be0bb5b52bea0c11820b35e27edcf4cd22d34abe4afc59a92a80519f8a8
opentelemetry-instrumentation-threading==0.58b0 --hash=sha256:eacc072881006aceb5b9b6831bcdce718c67ef6f31ac0b32bd6a23a94d979b4a
opentelemetry-instrumentation==0.58b0 --hash=sha256:50f97ac03100676c9f7fc28197f8240c7290ca1baa12da8bfbb9a1de4f34cc45
opentelemetry-proto==1.37.0 --hash=sha256:8ed8c066ae8828bbf0c39229979bdf583a126981142378a9cbe9d6fd5701c6e2
opentelemetry-sdk==1.37.0 --hash=sha256:8f3c3c22063e52475c5dbced7209495c2c16723d016d39287dfc215d1771257c
opentelemetry-semantic-conventions==0.58b0 --hash=sha256:5564905ab1458b96684db1340232729fce3b5375a06e140e8904c78e4f815b28
opentelemetry-util-http==0.58b0 --hash=sha256:6c6b86762ed43025fbd593dc5f700ba0aa3e09711aedc36fd48a13b23d8cb1e7
packaging==26.3 --hash=sha256:d7193f7c8e4e93f444fde0262bf90af30e16fa0ad0ad44cb553c87339b23cd1c
peewee==3.19.0 --hash=sha256:de220b94766e6008c466e00ce4ba5299b9a832117d9eb36d45d0062f3cfd7417
protobuf==6.33.6 --hash=sha256:0cd27b587afca21b7cfa59a74dcbd48a50f0a6400cfb59391340ad729d91d326
pycparser==3.0 --hash=sha256:b727414169a36b7d524c1c3e31839a521725078d7b2ff038656844266160a992
pydantic-core==2.46.4 --hash=sha256:6f2eeda33a839975441c86a4119e1383c50b47faf0cbb5176985565c6bb02c33
pydantic-settings==2.15.0 --hash=sha256:0ba092c291c94baceb5eff768aa0d56400a457585bc0175925a5a5510303da42
pydantic==2.13.4 --hash=sha256:45a282cde31d808236fd7ea9d919b128653c8b38b393d1c4ab335c62924d9aba
pygments==2.20.0 --hash=sha256:81a9e26dd42fd28a23a2d169d86d7ac03b46e2f8b59ed4698fb4785f946d0176
pyjwt==2.13.0 --hash=sha256:66adcc2aff09b3f1bbd95fc1e1577df8ac8723c978552fd43304c8a290ac5728
python-dotenv==1.2.2 --hash=sha256:1d8214789a24de455a8b8bd8ae6fe3c6b69a5e3d64aa8a8e5d68e694bbcb285a
python-multipart==0.0.32 --hash=sha256:ff6d3f776f16878c894e52e107296ffc890e913c611b1a4ec6c44e2821fe2e23
pywin32==311 --hash=sha256:3ce80b34b22b17ccbd937a6e78e7225d80c52f5ab9940fe0506a1a16f3dab503
referencing==0.37.0 --hash=sha256:381329a9f99628c9069361716891d34ad94af76e461dcb0335825aecc7692231
requests==2.34.2 --hash=sha256:2a0d60c172f83ac6ab31e4554906c0f3b3588d37b5cb939b1c061f4907e278e0
rich==15.0.0 --hash=sha256:33bd4ef74232fb73fe9279a257718407f169c09b78a87ad3d296f548e27de0bb
rpds-py==2026.6.3 --hash=sha256:2c54a076ca4d370980ab57bc0e31df57bbe8d41340436a90ef8b1219a3cbb127
ruamel-yaml-clib==0.2.15 --hash=sha256:bdc06ad71173b915167702f55d0f3f027fc61abd975bd308a0968c02db4a4c3e
ruamel-yaml==0.19.1 --hash=sha256:27592957fedf6e0b62f281e96effd28043345e0e66001f97683aa9a40c667c93
semantic-version==2.10.0 --hash=sha256:de78a3b8e0feda74cabc54aab2da702113e33ac9d9eb9d2389bcf1f58b7d9177
semgrep==1.172.0 --hash=sha256:e32868faeb67b241bbd3fabd82a12fba4b467464dedde9da285b9bf78e808ba3
sse-starlette==3.4.8 --hash=sha256:6e82314c786709a3cd9520f2285cf9fff90e181e598e8a357b0cf80f66afba0d
starlette==1.6.0 --hash=sha256:a86dd39d14bb45f85a3d18525215a9ef0cfd1f192ac793220e72598c90335f0c
tomli==2.4.1 --hash=sha256:5ee18d9ebdb417e384b58fe414e8d6af9f4e7a0ae761519fb50f721de398dd4e
typing-extensions==4.16.0 --hash=sha256:481caa481374e813c1b176ada14e97f1f67a4539ce9cfeb3f350d78d6370c2e8
typing-inspection==0.4.4 --hash=sha256:65b8397ba37ccbce054456aaccddfc91e6e3083c92824df348d96ca832f3f147
urllib3==2.7.0 --hash=sha256:9fb4c81ebbb1ce9531cce37674bbc6f1360472bc18ca9a553ede278ef7276897
uvicorn==0.52.2 --hash=sha256:0b916d247cf5500b320638ea11abf0fed7f348e8e1c7fde53a0e6b6319803512
wcmatch==8.5.2 --hash=sha256:17d3ad3758f9d0b5b4dedc770b65420d4dac62e680229c287bf24c9db856a478
wrapt==1.17.3 --hash=sha256:0b1831115c97f0663cb77aa27d381237e73ad4f721391a9bfb2fe8bc25fa6e77
zipp==4.1.0 --hash=sha256:25ad4e16390cd314347dd8f1de67a2ac538ae658ed4ab9db16029c07c188e97f
